{
  "requires": true,
  "lockfileVersion": 1,
  "dependencies": {
    "opencode-ai": {
      "version": "1.14.51",
      "resolved": "https://registry.npmjs.org/opencode-ai/-/opencode-ai-1.14.51.tgz",
      "integrity": "sha512-+qRV6l2GiSUyMCQ0rTMVJBx8aqkUe1hHIBt5VKO+PoqfxYEcMFkmS4MMKbbImm4B1rV46GEsyyDa5ksfsDj//w==",
      "requires": {
        "opencode-darwin-arm64": "1.14.51",
        "opencode-darwin-x64": "1.14.51",
        "opencode-darwin-x64-baseline": "1.14.51",
        "opencode-linux-arm64": "1.14.51",
        "opencode-linux-arm64-musl": "1.14.51",
        "opencode-linux-x64": "1.14.51",
        "opencode-linux-x64-baseline": "1.14.51",
        "opencode-linux-x64-baseline-musl": "1.14.51",
        "opencode-linux-x64-musl": "1.14.51",
        "opencode-windows-arm64": "1.14.51",
        "opencode-windows-x64": "1.14.51",
        "opencode-windows-x64-baseline": "1.14.51"
      }
    },
    "opencode-darwin-arm64": {
      "version": "1.14.51",
      "resolved": "https://registry.npmjs.org/opencode-darwin-arm64/-/opencode-darwin-arm64-1.14.51.tgz",
      "integrity": "sha512-+iX72yWIgzISF1q4dMBECmTNMpi2wLHFmiBD9ENhiJWg8UveqPZbEhL0P2p64jho6rNJXCPXIcr6RuIUxZai2g==",
      "optional": true
    },
    "opencode-darwin-x64": {
      "version": "1.14.51",
      "resolved": "https://registry.npmjs.org/opencode-darwin-x64/-/opencode-darwin-x64-1.14.51.tgz",
      "integrity": "sha512-JcLZz7drA8IIaMzk7vZ563yW5ZPqNb0OsAficPkUC98dzzpbxguyD1YNH9Wb1h2VicAGHPNClcrjjk6eNigcCA==",
      "optional": true
    },
    "opencode-darwin-x64-baseline": {
      "version": "1.14.51",
      "resolved": "https://registry.npmjs.org/opencode-darwin-x64-baseline/-/opencode-darwin-x64-baseline-1.14.51.tgz",
      "integrity": "sha512-Ebp5nAxu5UofQV1Wm6dzWuDECnSVx1sgE8HDz3TVV3WG9sXC6Kvfec0AM2Lqob1ro/KqH3i90RFfVz6BtdR9rQ==",
      "optional": true
    },
    "opencode-linux-arm64": {
      "version": "1.14.51",
      "resolved": "https://registry.npmjs.org/opencode-linux-arm64/-/opencode-linux-arm64-1.14.51.tgz",
      "integrity": "sha512-z8YHBQXP++LHg41W6JNrJWjDiaN2rzB7exp8qz1SU9T3N8y9JSRmcui3a4PuylTx6S/ypOkTwKVZ2ZGR0zcdfQ==",
      "optional": true
    },
    "opencode-linux-arm64-musl": {
      "version": "1.14.51",
      "resolved": "https://registry.npmjs.org/opencode-linux-arm64-musl/-/opencode-linux-arm64-musl-1.14.51.tgz",
      "integrity": "sha512-DJfDSi2ZNdmDidJe7lZAzSFldGg7fvbMfh3h73YiXdAl78SQN+QxrYrhlbFI+YAeO6/sJweox4/qjcxr6ZIqNQ==",
      "optional": true
    },
    "opencode-linux-x64": {
      "version": "1.14.51",
      "resolved": "https://registry.npmjs.org/opencode-linux-x64/-/opencode-linux-x64-1.14.51.tgz",
      "integrity": "sha512-mCfRTWaiMxp2587gYThj+m4eTrk+5G1YOPH1yxlWdbZk3b+psJcNsGh1r3vxvuJIFC9lfOo5OSAXRLxGtR9efA==",
      "optional": true
    },
    "opencode-linux-x64-baseline": {
      "version": "1.14.51",
      "resolved": "https://registry.npmjs.org/opencode-linux-x64-baseline/-/opencode-linux-x64-baseline-1.14.51.tgz",
      "integrity": "sha512-LrgM/P5lGLl8nxkTIcSJLCnDYv9J/DI/gwJyq2dglRofNr/7NRj7VxyL/YZnKdr3/J05Fxc/L+/eTgaWJjoOWA==",
      "optional": true
    },
    "opencode-linux-x64-baseline-musl": {
      "version": "1.14.51",
      "resolved": "https://registry.npmjs.org/opencode-linux-x64-baseline-musl/-/opencode-linux-x64-baseline-musl-1.14.51.tgz",
      "integrity": "sha512-HU8CXp7+ZuYCpDT7qO7wBgsvjQ4VF+h2qyTncxaOYglqbTLenr1sdHbS8LFlyqO9XIy3vXmnzYcvHVsO64Ez+w==",
      "optional": true
    },
    "opencode-linux-x64-musl": {
      "version": "1.14.51",
      "resolved": "https://registry.npmjs.org/opencode-linux-x64-musl/-/opencode-linux-x64-musl-1.14.51.tgz",
      "integrity": "sha512-XmXGmB/vo42uYOJNZ5DR0w+5sT6Td3vBY1YNuT4YTPSgpLtJYQ7DealnmoiCEWIp6Ac/BTWdLlBlGREhDR5WdQ==",
      "optional": true
    },
    "opencode-windows-arm64": {
      "version": "1.14.51",
      "resolved": "https://registry.npmjs.org/opencode-windows-arm64/-/opencode-windows-arm64-1.14.51.tgz",
      "integrity": "sha512-Ao6lUKEPOKXgGMpydLYwUsczc1Gbnk4uhx8i+92rB3d/1jJKE7xhPUB2PSv7yjQLG6MsWDxJrobv5/046T6y/w==",
      "optional": true
    },
    "opencode-windows-x64": {
      "version": "1.14.51",
      "resolved": "https://registry.npmjs.org/opencode-windows-x64/-/opencode-windows-x64-1.14.51.tgz",
      "integrity": "sha512-3SqkhHWtWjb91zpuCNlU171fTq0GFaWZq12+Y5aK1L6VCNbqfqihYcb5vwlMYS3BlwVZJBRSjP3rgg1PcxAymA==",
      "optional": true
    },
    "opencode-windows-x64-baseline": {
      "version": "1.14.51",
      "resolved": "https://registry.npmjs.org/opencode-windows-x64-baseline/-/opencode-windows-x64-baseline-1.14.51.tgz",
      "integrity": "sha512-uiObmGyRzB0ZMuZ6S4NRxs4w1kk6t250Uo+xV+zm5aLSB5DLDPf/4xQ6cx7dzcaQLIwHwzmCmdh6UodJpDEdpA==",
      "optional": true
    }
  }
}
